{
  "requires": true,
  "lockfileVersion": 1,
  "dependencies": {
    "gmail-js": {
      "version": "1.0.5",
      "resolved": "https://registry.npmjs.org/gmail-js/-/gmail-js-1.0.5.tgz",
      "integrity": "sha512-3+51Tzf3hwVgDJzzA29VCFl0bm7ra74fx1Mj8rnGLp1jCTlJbXqOafMpY9o2QTuhf0NV7Lq90kgjV6lJD8Yxyg==",
      "requires": {
        "jquery": "^3.3.1"
      }
    },
    "jquery": {
      "version": "3.5.1",
      "resolved": "https://registry.npmjs.org/jquery/-/jquery-3.5.1.tgz",
      "integrity": "sha512-XwIBPqcMn57FxfT+Go5pzySnm4KWkT1Tv7gjrpT1srtf8Weynl6R273VJ5GjkRb51IzMp5nbaPjJXMWeju2MKg=="
    }
  }
}
